
Microsoft Visual Studio Solution File, Format Version 12.00
# Visual Studio Version 17
VisualStudioVersion = 17.7.34302.85
MinimumVisualStudioVersion = 10.0.40219.1
Project("{8BC9CEB8-8B4A-11D0-8D11-00A0C91BC942}") = "MissionEditor", "MissionEditor\MissionEditor.vcxproj", "{9326D29A-6547-42B9-A668-519F3C0720A9}"
EndProject
Global
	GlobalSection(SolutionConfigurationPlatforms) = preSolution
		FinalAlertDebug YR|Win32 = FinalAlertDebug YR|Win32
		FinalAlertDebug YR|x64 = FinalAlertDebug YR|x64
		FinalAlertRelease YR|Win32 = FinalAlertRelease YR|Win32
		FinalAlertRelease YR|x64 = FinalAlertRelease YR|x64
	EndGlobalSection
	GlobalSection(ProjectConfigurationPlatforms) = postSolution
		{9326D29A-6547-42B9-A668-519F3C0720A9}.FinalAlertDebug YR|Win32.ActiveCfg = FinalAlertDebug YR|Win32
		{9326D29A-6547-42B9-A668-519F3C0720A9}.FinalAlertDebug YR|Win32.Build.0 = FinalAlertDebug YR|Win32
		{9326D29A-6547-42B9-A668-519F3C0720A9}.FinalAlertDebug YR|x64.ActiveCfg = FinalAlertDebug YR|x64
		{9326D29A-6547-42B9-A668-519F3C0720A9}.FinalAlertDebug YR|x64.Build.0 = FinalAlertDebug YR|x64
		{9326D29A-6547-42B9-A668-519F3C0720A9}.FinalAlertRelease YR|Win32.ActiveCfg = FinalAlertRelease YR|Win32
		{9326D29A-6547-42B9-A668-519F3C0720A9}.FinalAlertRelease YR|Win32.Build.0 = FinalAlertRelease YR|Win32
		{9326D29A-6547-42B9-A668-519F3C0720A9}.FinalAlertRelease YR|x64.ActiveCfg = FinalAlertRelease YR|x64
		{9326D29A-6547-42B9-A668-519F3C0720A9}.FinalAlertRelease YR|x64.Build.0 = FinalAlertRelease YR|x64
	EndGlobalSection
	GlobalSection(SolutionProperties) = preSolution
		HideSolutionNode = FALSE
	EndGlobalSection
	GlobalSection(ExtensibilityGlobals) = postSolution
		SolutionGuid = {78644B29-0A99-4D31-BF39-7B3871F1D64E}
	EndGlobalSection
EndGlobal
