
Microsoft Visual Studio Solution File, Format Version 12.00
# Visual Studio Version 17
VisualStudioVersion = 17.7.34302.85
MinimumVisualStudioVersion = 10.0.40219.1
Project("{8BC9CEB8-8B4A-11D0-8D11-00A0C91BC942}") = "MissionEditor", "MissionEditor\MissionEditor.vcxproj", "{9326D29A-6547-42B9-A668-519F3C0720A9}"
	ProjectSection(ProjectDependencies) = postProject
		{5E445578-CB45-4D82-9A1C-FC7D3E8D866A} = {5E445578-CB45-4D82-9A1C-FC7D3E8D866A}
	EndProjectSection
EndProject
Project("{8BC9CEB8-8B4A-11D0-8D11-00A0C91BC942}") = "MissionEditorPackLib", "MissionEditorPackLib\MissionEditorPackLib.vcxproj", "{DEB40EF0-E215-4C2F-A0AD-3742E2E01A8C}"
	ProjectSection(ProjectDependencies) = postProject
		{5E445578-CB45-4D82-9A1C-FC7D3E8D866A} = {5E445578-CB45-4D82-9A1C-FC7D3E8D866A}
	EndProjectSection
EndProject
Project("{8BC9CEB8-8B4A-11D0-8D11-00A0C91BC942}") = "XCC Library", "3rdParty\xcc\Library\XCC Library.vcxproj", "{5E445578-CB45-4D82-9A1C-FC7D3E8D866A}"
EndProject
Global
	GlobalSection(SolutionConfigurationPlatforms) = preSolution
		Debug|Win32 = Debug|Win32
		Debug|x64 = Debug|x64
		Release|Win32 = Release|Win32
		Release|x64 = Release|x64
	EndGlobalSection
	GlobalSection(ProjectConfigurationPlatforms) = postSolution
		{9326D29A-6547-42B9-A668-519F3C0720A9}.Debug|Win32.ActiveCfg = Debug|Win32
		{9326D29A-6547-42B9-A668-519F3C0720A9}.Debug|Win32.Build.0 = Debug|Win32
		{9326D29A-6547-42B9-A668-519F3C0720A9}.Debug|x64.ActiveCfg = Debug|x64
		{9326D29A-6547-42B9-A668-519F3C0720A9}.Debug|x64.Build.0 = Debug|x64
		{9326D29A-6547-42B9-A668-519F3C0720A9}.Release|Win32.ActiveCfg = Release|Win32
		{9326D29A-6547-42B9-A668-519F3C0720A9}.Release|Win32.Build.0 = Release|Win32
		{9326D29A-6547-42B9-A668-519F3C0720A9}.Release|x64.ActiveCfg = Release|x64
		{9326D29A-6547-42B9-A668-519F3C0720A9}.Release|x64.Build.0 = Release|x64
		{DEB40EF0-E215-4C2F-A0AD-3742E2E01A8C}.Debug|Win32.ActiveCfg = Debug|Win32
		{DEB40EF0-E215-4C2F-A0AD-3742E2E01A8C}.Debug|Win32.Build.0 = Debug|Win32
		{DEB40EF0-E215-4C2F-A0AD-3742E2E01A8C}.Debug|x64.ActiveCfg = Debug|x64
		{DEB40EF0-E215-4C2F-A0AD-3742E2E01A8C}.Debug|x64.Build.0 = Debug|x64
		{DEB40EF0-E215-4C2F-A0AD-3742E2E01A8C}.Release|Win32.ActiveCfg = Release|Win32
		{DEB40EF0-E215-4C2F-A0AD-3742E2E01A8C}.Release|Win32.Build.0 = Release|Win32
		{DEB40EF0-E215-4C2F-A0AD-3742E2E01A8C}.Release|x64.ActiveCfg = Release|x64
		{DEB40EF0-E215-4C2F-A0AD-3742E2E01A8C}.Release|x64.Build.0 = Release|x64
		{5E445578-CB45-4D82-9A1C-FC7D3E8D866A}.Debug|Win32.ActiveCfg = DebugMinimal|Win32
		{5E445578-CB45-4D82-9A1C-FC7D3E8D866A}.Debug|Win32.Build.0 = DebugMinimal|Win32
		{5E445578-CB45-4D82-9A1C-FC7D3E8D866A}.Debug|x64.ActiveCfg = DebugMinimal|x64
		{5E445578-CB45-4D82-9A1C-FC7D3E8D866A}.Debug|x64.Build.0 = DebugMinimal|x64
		{5E445578-CB45-4D82-9A1C-FC7D3E8D866A}.Release|Win32.ActiveCfg = ReleaseMinimal|Win32
		{5E445578-CB45-4D82-9A1C-FC7D3E8D866A}.Release|Win32.Build.0 = ReleaseMinimal|Win32
		{5E445578-CB45-4D82-9A1C-FC7D3E8D866A}.Release|x64.ActiveCfg = ReleaseMinimal|x64
		{5E445578-CB45-4D82-9A1C-FC7D3E8D866A}.Release|x64.Build.0 = ReleaseMinimal|x64
	EndGlobalSection
	GlobalSection(SolutionProperties) = preSolution
		HideSolutionNode = FALSE
	EndGlobalSection
	GlobalSection(ExtensibilityGlobals) = postSolution
		SolutionGuid = {78644B29-0A99-4D31-BF39-7B3871F1D64E}
	EndGlobalSection
EndGlobal
